Microsoft Visual Studio Solution File, Format Version 12.00
# Visual Studio Version 17
VisualStudioVersion = 17.5.2.0
MinimumVisualStudioVersion = 10.0.40219.1
Project("{2150E333-8FDC-42A3-9474-1A3956D46DE8}") = "src", "src", "{827E0CD3-B72D-47B6-A68D-7590B98EB39B}"
EndProject
Project("{2150E333-8FDC-42A3-9474-1A3956D46DE8}") = "tests", "tests", "{0AB3BF05-4346-4AA6-1389-037BE0695223}"
EndProject
Project("{FAE04EC0-301F-11D3-BF4B-00C04F79EFBC}") = "InventoryManagementSystem", "src\InventoryManagementSystem\InventoryManagementSystem.csproj", "{698AB850-ABA4-235B-0F36-76893F1338FC}"
EndProject
Project("{FAE04EC0-301F-11D3-BF4B-00C04F79EFBC}") = "InventoryManagementSystem.Tests", "tests\InventoryManagementSystem.Tests\InventoryManagementSystem.Tests.csproj", "{C3BA7F38-2C40-7E2A-3F59-57E45854C23B}"
EndProject
Global
	GlobalSection(SolutionConfigurationPlatforms) = preSolution
		Debug|Any CPU = Debug|Any CPU
		Release|Any CPU = Release|Any CPU
	EndGlobalSection
	GlobalSection(ProjectConfigurationPlatforms) = postSolution
		{698AB850-ABA4-235B-0F36-76893F1338FC}.Debug|Any CPU.ActiveCfg = Debug|Any CPU
		{698AB850-ABA4-235B-0F36-76893F1338FC}.Debug|Any CPU.Build.0 = Debug|Any CPU
		{698AB850-ABA4-235B-0F36-76893F1338FC}.Release|Any CPU.ActiveCfg = Release|Any CPU
		{698AB850-ABA4-235B-0F36-76893F1338FC}.Release|Any CPU.Build.0 = Release|Any CPU
		{C3BA7F38-2C40-7E2A-3F59-57E45854C23B}.Debug|Any CPU.ActiveCfg = Debug|Any CPU
		{C3BA7F38-2C40-7E2A-3F59-57E45854C23B}.Debug|Any CPU.Build.0 = Debug|Any CPU
		{C3BA7F38-2C40-7E2A-3F59-57E45854C23B}.Release|Any CPU.ActiveCfg = Release|Any CPU
		{C3BA7F38-2C40-7E2A-3F59-57E45854C23B}.Release|Any CPU.Build.0 = Release|Any CPU
	EndGlobalSection
	GlobalSection(SolutionProperties) = preSolution
		HideSolutionNode = FALSE
	EndGlobalSection
	GlobalSection(NestedProjects) = preSolution
		{698AB850-ABA4-235B-0F36-76893F1338FC} = {827E0CD3-B72D-47B6-A68D-7590B98EB39B}
		{C3BA7F38-2C40-7E2A-3F59-57E45854C23B} = {0AB3BF05-4346-4AA6-1389-037BE0695223}
	EndGlobalSection
	GlobalSection(ExtensibilityGlobals) = postSolution
		SolutionGuid = {7E4CAA06-3C9A-423D-AB4B-51A99B14CC26}
	EndGlobalSection
EndGlobal
